{
  "name": "PokeMLOps",
  "lockfileVersion": 2,
  "requires": true,
  "packages": {
    "": {
      "dependencies": {
        "conda": "^0.0.1-a17"
      }
    },
    "node_modules/asap": {
      "version": "1.0.0",
      "resolved": "https://registry.npmjs.org/asap/-/asap-1.0.0.tgz",
      "integrity": "sha512-Ej9qjcXY+8Tuy1cNqiwNMwFRXOy9UwgTeMA8LxreodygIPV48lx8PU1ecFxb5ZeU1DpMKxiq6vGLTxcitWZPbA=="
    },
    "node_modules/conda": {
      "version": "0.0.1-a17",
      "resolved": "https://registry.npmjs.org/conda/-/conda-0.0.1-a17.tgz",
      "integrity": "sha512-Iu/OuWSofBi7ogzY7Tgd/mGMDksqLaCD12PgbXIGUseboTNuP0l53mc8qVBetfSDBwIyidZVp3LSEH4LcKdwjg==",
      "dependencies": {
        "promise": "^5.0.0"
      }
    },
    "node_modules/promise": {
      "version": "5.0.0",
      "resolved": "https://registry.npmjs.org/promise/-/promise-5.0.0.tgz",
      "integrity": "sha512-N2BfLz0Sigf7rsm5NnItRwTNqEDUF2ephwEXTcOAf2cO9NwZ9TnIjOmnQNtC0r70CV0S1+uc9mSMmFH7gxk87Q==",
      "dependencies": {
        "asap": "~1.0.0"
      }
    }
  },
  "dependencies": {
    "asap": {
      "version": "1.0.0",
      "resolved": "https://registry.npmjs.org/asap/-/asap-1.0.0.tgz",
      "integrity": "sha512-Ej9qjcXY+8Tuy1cNqiwNMwFRXOy9UwgTeMA8LxreodygIPV48lx8PU1ecFxb5ZeU1DpMKxiq6vGLTxcitWZPbA=="
    },
    "conda": {
      "version": "0.0.1-a17",
      "resolved": "https://registry.npmjs.org/conda/-/conda-0.0.1-a17.tgz",
      "integrity": "sha512-Iu/OuWSofBi7ogzY7Tgd/mGMDksqLaCD12PgbXIGUseboTNuP0l53mc8qVBetfSDBwIyidZVp3LSEH4LcKdwjg==",
      "requires": {
        "promise": "^5.0.0"
      }
    },
    "promise": {
      "version": "5.0.0",
      "resolved": "https://registry.npmjs.org/promise/-/promise-5.0.0.tgz",
      "integrity": "sha512-N2BfLz0Sigf7rsm5NnItRwTNqEDUF2ephwEXTcOAf2cO9NwZ9TnIjOmnQNtC0r70CV0S1+uc9mSMmFH7gxk87Q==",
      "requires": {
        "asap": "~1.0.0"
      }
    }
  }
}
